
Microsoft Visual Studio Solution File, Format Version 12.00
# Visual Studio Version 16
VisualStudioVersion = 16.0.31424.327
MinimumVisualStudioVersion = 10.0.40219.1
Project("{FAE04EC0-301F-11D3-BF4B-00C04F79EFBC}") = "PalindromeCheck", "PalindromeCheck\PalindromeCheck.csproj", "{8B76C87B-510F-4D3E-BA5F-9D9B8A419FB3}"
EndProject
Global
	GlobalSection(SolutionConfigurationPlatforms) = preSolution
		Debug|Any CPU = Debug|Any CPU
		Release|Any CPU = Release|Any CPU
	EndGlobalSection
	GlobalSection(ProjectConfigurationPlatforms) = postSolution
		{8B76C87B-510F-4D3E-BA5F-9D9B8A419FB3}.Debug|Any CPU.ActiveCfg = Debug|Any CPU
		{8B76C87B-510F-4D3E-BA5F-9D9B8A419FB3}.Debug|Any CPU.Build.0 = Debug|Any CPU
		{8B76C87B-510F-4D3E-BA5F-9D9B8A419FB3}.Release|Any CPU.ActiveCfg = Release|Any CPU
		{8B76C87B-510F-4D3E-BA5F-9D9B8A419FB3}.Release|Any CPU.Build.0 = Release|Any CPU
	EndGlobalSection
	GlobalSection(SolutionProperties) = preSolution
		HideSolutionNode = FALSE
	EndGlobalSection
	GlobalSection(ExtensibilityGlobals) = postSolution
		SolutionGuid = {C80E6F57-15A3-4BDB-A836-39D490629F83}
	EndGlobalSection
EndGlobal
